
Microsoft Visual Studio Solution File, Format Version 12.00
# Visual Studio Version 16
VisualStudioVersion = 16.0.30225.117
MinimumVisualStudioVersion = 10.0.40219.1
Project("{8BC9CEB8-8B4A-11D0-8D11-00A0C91BC942}") = "ASD2-Lab4", "ASD2-Lab4\ASD2-Lab4.vcxproj", "{F893497D-F99A-4DA5-AB57-F4ADD0F789B5}"
EndProject
Global
	GlobalSection(SolutionConfigurationPlatforms) = preSolution
		Debug|x64 = Debug|x64
		Debug|x86 = Debug|x86
		Release|x64 = Release|x64
		Release|x86 = Release|x86
	EndGlobalSection
	GlobalSection(ProjectConfigurationPlatforms) = postSolution
		{F893497D-F99A-4DA5-AB57-F4ADD0F789B5}.Debug|x64.ActiveCfg = Debug|x64
		{F893497D-F99A-4DA5-AB57-F4ADD0F789B5}.Debug|x64.Build.0 = Debug|x64
		{F893497D-F99A-4DA5-AB57-F4ADD0F789B5}.Debug|x86.ActiveCfg = Debug|Win32
		{F893497D-F99A-4DA5-AB57-F4ADD0F789B5}.Debug|x86.Build.0 = Debug|Win32
		{F893497D-F99A-4DA5-AB57-F4ADD0F789B5}.Release|x64.ActiveCfg = Release|x64
		{F893497D-F99A-4DA5-AB57-F4ADD0F789B5}.Release|x64.Build.0 = Release|x64
		{F893497D-F99A-4DA5-AB57-F4ADD0F789B5}.Release|x86.ActiveCfg = Release|Win32
		{F893497D-F99A-4DA5-AB57-F4ADD0F789B5}.Release|x86.Build.0 = Release|Win32
	EndGlobalSection
	GlobalSection(SolutionProperties) = preSolution
		HideSolutionNode = FALSE
	EndGlobalSection
	GlobalSection(ExtensibilityGlobals) = postSolution
		SolutionGuid = {4E0F42F9-E1A9-47A5-AAD6-856794C53EFC}
	EndGlobalSection
EndGlobal
